{
    "_readme": [
        "This file locks the dependencies of your project to a known state",
        "Read more about it at https://getcomposer.org/doc/01-basic-usage.md#composer-lock-the-lock-file",
        "This file is @generated automatically"
    ],
    "hash": "b93677c484df590f69e2bc559c6fad55",
    "content-hash": "ec3b6865443e4cc390965b257927ee33",
    "packages": [
        {
            "name": "FezVrasta/popper.js",
            "version": "1.12.9",
            "source": {
                "type": "git",
                "url": "https://github.com/FezVrasta/popper.js",
                "reference": "v1.12.9"
            },
            "type": "library"
        },
        {
            "name": "ashleydw/lightbox",
            "version": "5.3.0",
            "source": {
                "type": "git",
                "url": "https://github.com/ashleydw/lightbox",
                "reference": "39f585ad764230954d6a6ee86247c7e0d56db995"
            },
            "type": "library"
        },
        {
            "name": "components/jquery",
            "version": "3.2.1",
            "source": {
                "type": "git",
                "url": "https://github.com/components/jquery.git",
                "reference": "e5534d4ab8e80c159553d507e358ed20a806d3bf"
            },
            "dist": {
                "type": "zip",
                "url": "https://api.github.com/repos/components/jquery/zipball/e5534d4ab8e80c159553d507e358ed20a806d3bf",
                "reference": "e5534d4ab8e80c159553d507e358ed20a806d3bf",
                "shasum": ""
            },
            "type": "component",
            "extra": {
                "component": {
                    "scripts": [
                        "jquery.js"
                    ],
                    "files": [
                        "jquery.min.js",
                        "jquery.min.map",
                        "jquery.slim.js",
                        "jquery.slim.min.js",
                        "jquery.slim.min.map"
                    ]
                }
            },
            "notification-url": "https://packagist.org/downloads/",
            "license": [
                "MIT"
            ],
            "authors": [
                {
                    "name": "JS Foundation and other contributors"
                }
            ],
            "description": "jQuery JavaScript Library",
            "homepage": "http://jquery.com",
            "time": "2017-03-21 07:01:49"
        },
        {
            "name": "itsjavi/bootstrap-colorpicker",
            "version": "2.5.1",
            "source": {
                "type": "git",
                "url": "https://github.com/itsjavi/bootstrap-colorpicker.git",
                "reference": "db978b4d8c3436cdaed6e3a1a065f9f47bb686b1"
            },
            "dist": {
                "type": "zip",
                "url": "https://api.github.com/repos/itsjavi/bootstrap-colorpicker/zipball/db978b4d8c3436cdaed6e3a1a065f9f47bb686b1",
                "reference": "db978b4d8c3436cdaed6e3a1a065f9f47bb686b1",
                "shasum": ""
            },
            "require": {
                "components/jquery": ">=1.10"
            },
            "type": "library",
            "notification-url": "https://packagist.org/downloads/",
            "license": [
                "Apache License Version 2.0"
            ],
            "authors": [
                {
                    "name": "Javier Aguilar",
                    "homepage": "https://itsjavi.com"
                }
            ],
            "description": "Fancy and customizable colorpicker plugin for Twitter Bootstrap",
            "time": "2017-02-05 18:59:49"
        },
        {
            "name": "jrimbault/conserto",
            "version": "v0.2.0",
            "source": {
                "type": "git",
                "url": "https://git.jrimbault.io/jRimbault/Conserto.git",
                "reference": "c34901dd2e63071bc826df639b2ef0342c166d4b"
            },
            "require": {
                "php": "^7.0",
                "twig/twig": "^2.0"
            },
            "type": "library",
            "autoload": {
                "psr-4": {
                    "Conserto\\": "src/"
                }
            },
            "autoload-dev": {
                "psr-4": {
                    "Conserto\\Tests\\": "tests/"
                }
            },
            "license": [
                "MIT"
            ],
            "authors": [
                {
                    "name": "jRimbault",
                    "email": "jacques.rimbault@gmail.com"
                }
            ],
            "description": "Router, Controller and helper classes",
            "time": "2018-02-26 16:59:49"
        },
        {
            "name": "symfony/polyfill-mbstring",
            "version": "v1.7.0",
            "source": {
                "type": "git",
                "url": "https://github.com/symfony/polyfill-mbstring.git",
                "reference": "78be803ce01e55d3491c1397cf1c64beb9c1b63b"
            },
            "dist": {
                "type": "zip",
                "url": "https://api.github.com/repos/symfony/polyfill-mbstring/zipball/78be803ce01e55d3491c1397cf1c64beb9c1b63b",
                "reference": "78be803ce01e55d3491c1397cf1c64beb9c1b63b",
                "shasum": ""
            },
            "require": {
                "php": ">=5.3.3"
            },
            "suggest": {
                "ext-mbstring": "For best performance"
            },
            "type": "library",
            "extra": {
                "branch-alias": {
                    "dev-master": "1.7-dev"
                }
            },
            "autoload": {
                "psr-4": {
                    "Symfony\\Polyfill\\Mbstring\\": ""
                },
                "files": [
                    "bootstrap.php"
                ]
            },
            "notification-url": "https://packagist.org/downloads/",
            "license": [
                "MIT"
            ],
            "authors": [
                {
                    "name": "Nicolas Grekas",
                    "email": "p@tchwork.com"
                },
                {
                    "name": "Symfony Community",
                    "homepage": "https://symfony.com/contributors"
                }
            ],
            "description": "Symfony polyfill for the Mbstring extension",
            "homepage": "https://symfony.com",
            "keywords": [
                "compatibility",
                "mbstring",
                "polyfill",
                "portable",
                "shim"
            ],
            "time": "2018-01-30 19:27:44"
        },
        {
            "name": "twbs/bootstrap",
            "version": "v4.0.0",
            "source": {
                "type": "git",
                "url": "https://github.com/twbs/bootstrap.git",
                "reference": "8a628b943cf31ca0a002c08af661a95772480225"
            },
            "dist": {
                "type": "zip",
                "url": "https://api.github.com/repos/twbs/bootstrap/zipball/8a628b943cf31ca0a002c08af661a95772480225",
                "reference": "8a628b943cf31ca0a002c08af661a95772480225",
                "shasum": ""
            },
            "replace": {
                "twitter/bootstrap": "self.version"
            },
            "type": "library",
            "extra": {
                "branch-alias": {
                    "dev-master": "3.3.x-dev"
                }
            },
            "notification-url": "https://packagist.org/downloads/",
            "license": [
                "MIT"
            ],
            "authors": [
                {
                    "name": "Jacob Thornton",
                    "email": "jacobthornton@gmail.com"
                },
                {
                    "name": "Mark Otto",
                    "email": "markdotto@gmail.com"
                }
            ],
            "description": "The most popular front-end framework for developing responsive, mobile first projects on the web.",
            "homepage": "https://getbootstrap.com",
            "keywords": [
                "JS",
                "css",
                "framework",
                "front-end",
                "mobile-first",
                "responsive",
                "sass",
                "web"
            ],
            "time": "2018-01-18 18:29:48"
        },
        {
            "name": "twig/twig",
            "version": "v2.4.4",
            "source": {
                "type": "git",
                "url": "https://github.com/twigphp/Twig.git",
                "reference": "eddb97148ad779f27e670e1e3f19fb323aedafeb"
            },
            "dist": {
                "type": "zip",
                "url": "https://api.github.com/repos/twigphp/Twig/zipball/eddb97148ad779f27e670e1e3f19fb323aedafeb",
                "reference": "eddb97148ad779f27e670e1e3f19fb323aedafeb",
                "shasum": ""
            },
            "require": {
                "php": "^7.0",
                "symfony/polyfill-mbstring": "~1.0"
            },
            "require-dev": {
                "psr/container": "^1.0",
                "symfony/debug": "~2.7",
                "symfony/phpunit-bridge": "~3.3@dev"
            },
            "type": "library",
            "extra": {
                "branch-alias": {
                    "dev-master": "2.4-dev"
                }
            },
            "autoload": {
                "psr-0": {
                    "Twig_": "lib/"
                },
                "psr-4": {
                    "Twig\\": "src/"
                }
            },
            "notification-url": "https://packagist.org/downloads/",
            "license": [
                "BSD-3-Clause"
            ],
            "authors": [
                {
                    "name": "Fabien Potencier",
                    "email": "fabien@symfony.com",
                    "homepage": "http://fabien.potencier.org",
                    "role": "Lead Developer"
                },
                {
                    "name": "Armin Ronacher",
                    "email": "armin.ronacher@active-4.com",
                    "role": "Project Founder"
                },
                {
                    "name": "Twig Team",
                    "homepage": "http://twig.sensiolabs.org/contributors",
                    "role": "Contributors"
                }
            ],
            "description": "Twig, the flexible, fast, and secure template language for PHP",
            "homepage": "http://twig.sensiolabs.org",
            "keywords": [
                "templating"
            ],
            "time": "2017-09-27 18:10:31"
        }
    ],
    "packages-dev": [],
    "aliases": [],
    "minimum-stability": "stable",
    "stability-flags": [],
    "prefer-stable": false,
    "prefer-lowest": false,
    "platform": {
        "php": "^7.0",
        "ext-imagick": "*"
    },
    "platform-dev": []
}
